
Microsoft Visual Studio Solution File, Format Version 11.00
# Visual Studio 2010
Project("{FAE04EC0-301F-11D3-BF4B-00C04F79EFBC}") = "UnityEngine.TestRunner", "UnityEngine.TestRunner.csproj", "{0c7b9b39-1566-20cc-718e-bb5ac2aee4a4}"
EndProject
Project("{FAE04EC0-301F-11D3-BF4B-00C04F79EFBC}") = "UnityEngine.UI", "UnityEngine.UI.csproj", "{b9099752-e7e5-861a-c1fb-8266b7f09f78}"
EndProject
Project("{FAE04EC0-301F-11D3-BF4B-00C04F79EFBC}") = "Unity.TextMeshPro", "Unity.TextMeshPro.csproj", "{eb7cc59a-875d-24b2-a6cf-d07f820cb0bf}"
EndProject
Project("{FAE04EC0-301F-11D3-BF4B-00C04F79EFBC}") = "Unity.Timeline", "Unity.Timeline.csproj", "{d6505656-aa54-98ac-9764-20066e028390}"
EndProject
Project("{FAE04EC0-301F-11D3-BF4B-00C04F79EFBC}") = "Unity.TextMeshPro.Editor", "Unity.TextMeshPro.Editor.csproj", "{afc7f3ca-d04e-122a-e1e4-2dfa03e9d54d}"
EndProject
Project("{FAE04EC0-301F-11D3-BF4B-00C04F79EFBC}") = "Unity.Timeline.Editor", "Unity.Timeline.Editor.csproj", "{e99272bc-0d43-4c51-9ac3-e7c2b428b6ef}"
EndProject
Project("{FAE04EC0-301F-11D3-BF4B-00C04F79EFBC}") = "Unity.CollabProxy.Editor", "Unity.CollabProxy.Editor.csproj", "{38834664-054d-98d4-a9d3-d8d5fbaaa6d0}"
EndProject
Project("{FAE04EC0-301F-11D3-BF4B-00C04F79EFBC}") = "UnityEditor.TestRunner", "UnityEditor.TestRunner.csproj", "{b8aa8766-7f78-3514-ef4f-d624f4731fe0}"
EndProject
Project("{FAE04EC0-301F-11D3-BF4B-00C04F79EFBC}") = "UnityEditor.UI", "UnityEditor.UI.csproj", "{9d2f8ca1-e8a8-633b-7818-c703e250331a}"
EndProject
Project("{FAE04EC0-301F-11D3-BF4B-00C04F79EFBC}") = "Unity.Rider.Editor", "Unity.Rider.Editor.csproj", "{0888760b-f5cd-31a5-2ba3-4e677353acbd}"
EndProject
Project("{FAE04EC0-301F-11D3-BF4B-00C04F79EFBC}") = "Unity.VisualStudio.Editor", "Unity.VisualStudio.Editor.csproj", "{71ac2650-d038-7c28-343c-8f0aee4b7e63}"
EndProject
Project("{FAE04EC0-301F-11D3-BF4B-00C04F79EFBC}") = "Unity.VSCode.Editor", "Unity.VSCode.Editor.csproj", "{680788ff-df5c-a927-1115-d577843179fd}"
EndProject
Global
	GlobalSection(SolutionConfigurationPlatforms) = preSolution
		Debug|Any CPU = Debug|Any CPU
	EndGlobalSection
	GlobalSection(ProjectConfigurationPlatforms) = postSolution
		{0c7b9b39-1566-20cc-718e-bb5ac2aee4a4}.Debug|Any CPU.ActiveCfg = Debug|Any CPU
		{0c7b9b39-1566-20cc-718e-bb5ac2aee4a4}.Debug|Any CPU.Build.0 = Debug|Any CPU
		{b9099752-e7e5-861a-c1fb-8266b7f09f78}.Debug|Any CPU.ActiveCfg = Debug|Any CPU
		{b9099752-e7e5-861a-c1fb-8266b7f09f78}.Debug|Any CPU.Build.0 = Debug|Any CPU
		{eb7cc59a-875d-24b2-a6cf-d07f820cb0bf}.Debug|Any CPU.ActiveCfg = Debug|Any CPU
		{eb7cc59a-875d-24b2-a6cf-d07f820cb0bf}.Debug|Any CPU.Build.0 = Debug|Any CPU
		{d6505656-aa54-98ac-9764-20066e028390}.Debug|Any CPU.ActiveCfg = Debug|Any CPU
		{d6505656-aa54-98ac-9764-20066e028390}.Debug|Any CPU.Build.0 = Debug|Any CPU
		{afc7f3ca-d04e-122a-e1e4-2dfa03e9d54d}.Debug|Any CPU.ActiveCfg = Debug|Any CPU
		{afc7f3ca-d04e-122a-e1e4-2dfa03e9d54d}.Debug|Any CPU.Build.0 = Debug|Any CPU
		{e99272bc-0d43-4c51-9ac3-e7c2b428b6ef}.Debug|Any CPU.ActiveCfg = Debug|Any CPU
		{e99272bc-0d43-4c51-9ac3-e7c2b428b6ef}.Debug|Any CPU.Build.0 = Debug|Any CPU
		{38834664-054d-98d4-a9d3-d8d5fbaaa6d0}.Debug|Any CPU.ActiveCfg = Debug|Any CPU
		{38834664-054d-98d4-a9d3-d8d5fbaaa6d0}.Debug|Any CPU.Build.0 = Debug|Any CPU
		{b8aa8766-7f78-3514-ef4f-d624f4731fe0}.Debug|Any CPU.ActiveCfg = Debug|Any CPU
		{b8aa8766-7f78-3514-ef4f-d624f4731fe0}.Debug|Any CPU.Build.0 = Debug|Any CPU
		{9d2f8ca1-e8a8-633b-7818-c703e250331a}.Debug|Any CPU.ActiveCfg = Debug|Any CPU
		{9d2f8ca1-e8a8-633b-7818-c703e250331a}.Debug|Any CPU.Build.0 = Debug|Any CPU
		{0888760b-f5cd-31a5-2ba3-4e677353acbd}.Debug|Any CPU.ActiveCfg = Debug|Any CPU
		{0888760b-f5cd-31a5-2ba3-4e677353acbd}.Debug|Any CPU.Build.0 = Debug|Any CPU
		{71ac2650-d038-7c28-343c-8f0aee4b7e63}.Debug|Any CPU.ActiveCfg = Debug|Any CPU
		{71ac2650-d038-7c28-343c-8f0aee4b7e63}.Debug|Any CPU.Build.0 = Debug|Any CPU
		{680788ff-df5c-a927-1115-d577843179fd}.Debug|Any CPU.ActiveCfg = Debug|Any CPU
		{680788ff-df5c-a927-1115-d577843179fd}.Debug|Any CPU.Build.0 = Debug|Any CPU
	EndGlobalSection
	GlobalSection(SolutionProperties) = preSolution
		HideSolutionNode = FALSE
	EndGlobalSection
EndGlobal
